// !$*UTF8*$!
{
	archiveVersion = 1;
	classes = {
	};
	objectVersion = 48;
	objects = {

/* Begin PBXBuildFile section */
		D9EFC7141F8A0D9900F77406 /* AppDelegate.swift in Sources */ = {isa = PBXBuildFile; fileRef = D9EFC7131F8A0D9900F77406 /* AppDelegate.swift */; };
		D9EFC7161F8A0D9900F77406 /* ViewController.swift in Sources */ = {isa = PBXBuildFile; fileRef = D9EFC7151F8A0D9900F77406 /* ViewController.swift */; };
		D9EFC7191F8A0D9900F77406 /* Main.storyboard in Resources */ = {isa = PBXBuildFile; fileRef = D9EFC7171F8A0D9900F77406 /* Main.storyboard */; };
		D9EFC71B1F8A0D9900F77406 /* Assets.xcassets in Resources */ = {isa = PBXBuildFile; fileRef = D9EFC71A1F8A0D9900F77406 /* Assets.xcassets */; };
		D9EFC71E1F8A0D9900F77406 /* LaunchScreen.storyboard in Resources */ = {isa = PBXBuildFile; fileRef = D9EFC71C1F8A0D9900F77406 /* LaunchScreen.storyboard */; };
		D9EFC7291F8A0D9A00F77406 /* SwiftScrollerViewTests.swift in Sources */ = {isa = PBXBuildFile; fileRef = D9EFC7281F8A0D9A00F77406 /* SwiftScrollerViewTests.swift */; };
		D9EFC7341F8A0D9A00F77406 /* SwiftScrollerViewUITests.swift in Sources */ = {isa = PBXBuildFile; fileRef = D9EFC7331F8A0D9A00F77406 /* SwiftScrollerViewUITests.swift */; };
		D9EFC7421F8A0DBE00F77406 /* ScrollerViewController.swift in Sources */ = {isa = PBXBuildFile; fileRef = D9EFC7411F8A0DBE00F77406 /* ScrollerViewController.swift */; };
		D9EFC75F1F8A213B00F77406 /* findCar_topBanner04@2x.png in Resources */ = {isa = PBXBuildFile; fileRef = D9EFC75E1F8A212500F77406 /* findCar_topBanner04@2x.png */; };
		D9EFC7601F8A215000F77406 /* findCar_topBanner03@2x.png in Resources */ = {isa = PBXBuildFile; fileRef = D9EFC75D1F8A212500F77406 /* findCar_topBanner03@2x.png */; };
		D9EFC7611F8A215600F77406 /* findCar_topBanner02@2x.png in Resources */ = {isa = PBXBuildFile; fileRef = D9EFC75B1F8A212500F77406 /* findCar_topBanner02@2x.png */; };
		D9EFC7621F8A215900F77406 /* findCar_topBanner01@2x.png in Resources */ = {isa = PBXBuildFile; fileRef = D9EFC75C1F8A212500F77406 /* findCar_topBanner01@2x.png */; };
/* End PBXBuildFile section */

/* Begin PBXContainerItemProxy section */
		D9EFC7251F8A0D9A00F77406 /* PBXContainerItemProxy */ = {
			isa = PBXContainerItemProxy;
			containerPortal = D9EFC7081F8A0D9900F77406 /* Project object */;
			proxyType = 1;
			remoteGlobalIDString = D9EFC70F1F8A0D9900F77406;
			remoteInfo = SwiftScrollerView;
		};
		D9EFC7301F8A0D9A00F77406 /* PBXContainerItemProxy */ = {
			isa = PBXContainerItemProxy;
			containerPortal = D9EFC7081F8A0D9900F77406 /* Project object */;
			proxyType = 1;
			remoteGlobalIDString = D9EFC70F1F8A0D9900F77406;
			remoteInfo = SwiftScrollerView;
		};
/* End PBXContainerItemProxy section */

/* Begin PBXFileReference section */
		D9EFC7101F8A0D9900F77406 /* SwiftScrollerView.app */ = {isa = PBXFileReference; explicitFileType = wrapper.application; includeInIndex = 0; path = SwiftScrollerView.app; sourceTree = BUILT_PRODUCTS_DIR; };
		D9EFC7131F8A0D9900F77406 /* AppDelegate.swift */ = {isa = PBXFileReference; lastKnownFileType = sourcecode.swift; path = AppDelegate.swift; sourceTree = "<group>"; };
		D9EFC7151F8A0D9900F77406 /* ViewController.swift */ = {isa = PBXFileReference; lastKnownFileType = sourcecode.swift; path = ViewController.swift; sourceTree = "<group>"; };
		D9EFC7181F8A0D9900F77406 /* Base */ = {isa = PBXFileReference; lastKnownFileType = file.storyboard; name = Base; path = Base.lproj/Main.storyboard; sourceTree = "<group>"; };
		D9EFC71A1F8A0D9900F77406 /* Assets.xcassets */ = {isa = PBXFileReference; lastKnownFileType = folder.assetcatalog; path = Assets.xcassets; sourceTree = "<group>"; };
		D9EFC71D1F8A0D9900F77406 /* Base */ = {isa = PBXFileReference; lastKnownFileType = file.storyboard; name = Base; path = Base.lproj/LaunchScreen.storyboard; sourceTree = "<group>"; };
		D9EFC71F1F8A0D9900F77406 /* Info.plist */ = {isa = PBXFileReference; lastKnownFileType = text.plist.xml; path = Info.plist; sourceTree = "<group>"; };
		D9EFC7241F8A0D9A00F77406 /* SwiftScrollerViewTests.xctest */ = {isa = PBXFileReference; explicitFileType = wrapper.cfbundle; includeInIndex = 0; path = SwiftScrollerViewTests.xctest; sourceTree = BUILT_PRODUCTS_DIR; };
		D9EFC7281F8A0D9A00F77406 /* SwiftScrollerViewTests.swift */ = {isa = PBXFileReference; lastKnownFileType = sourcecode.swift; path = SwiftScrollerViewTests.swift; sourceTree = "<group>"; };
		D9EFC72A1F8A0D9A00F77406 /* Info.plist */ = {isa = PBXFileReference; lastKnownFileType = text.plist.xml; path = Info.plist; sourceTree = "<group>"; };
		D9EFC72F1F8A0D9A00F77406 /* SwiftScrollerViewUITests.xctest */ = {isa = PBXFileReference; explicitFileType = wrapper.cfbundle; includeInIndex = 0; path = SwiftScrollerViewUITests.xctest; sourceTree = BUILT_PRODUCTS_DIR; };
		D9EFC7331F8A0D9A00F77406 /* SwiftScrollerViewUITests.swift */ = {isa = PBXFileReference; lastKnownFileType = sourcecode.swift; path = SwiftScrollerViewUITests.swift; sourceTree = "<group>"; };
		D9EFC7351F8A0D9A00F77406 /* Info.plist */ = {isa = PBXFileReference; lastKnownFileType = text.plist.xml; path = Info.plist; sourceTree = "<group>"; };
		D9EFC7411F8A0DBE00F77406 /* ScrollerViewController.swift */ = {isa = PBXFileReference; lastKnownFileType = sourcecode.swift; path = ScrollerViewController.swift; sourceTree = "<group>"; };
		D9EFC75B1F8A212500F77406 /* findCar_topBanner02@2x.png */ = {isa = PBXFileReference; lastKnownFileType = image.png; path = "findCar_topBanner02@2x.png"; sourceTree = "<group>"; };
		D9EFC75C1F8A212500F77406 /* findCar_topBanner01@2x.png */ = {isa = PBXFileReference; lastKnownFileType = image.png; path = "findCar_topBanner01@2x.png"; sourceTree = "<group>"; };
		D9EFC75D1F8A212500F77406 /* findCar_topBanner03@2x.png */ = {isa = PBXFileReference; lastKnownFileType = image.png; path = "findCar_topBanner03@2x.png"; sourceTree = "<group>"; };
		D9EFC75E1F8A212500F77406 /* findCar_topBanner04@2x.png */ = {isa = PBXFileReference; lastKnownFileType = image.png; path = "findCar_topBanner04@2x.png"; sourceTree = "<group>"; };
/* End PBXFileReference section */

/* Begin PBXFrameworksBuildPhase section */
		D9EFC70D1F8A0D9900F77406 /* Frameworks */ = {
			isa = PBXFrameworksBuildPhase;
			buildActionMask = 2147483647;
			files = (
			);
			runOnlyForDeploymentPostprocessing = 0;
		};
		D9EFC7211F8A0D9A00F77406 /* Frameworks */ = {
			isa = PBXFrameworksBuildPhase;
			buildActionMask = 2147483647;
			files = (
			);
			runOnlyForDeploymentPostprocessing = 0;
		};
		D9EFC72C1F8A0D9A00F77406 /* Frameworks */ = {
			isa = PBXFrameworksBuildPhase;
			buildActionMask = 2147483647;
			files = (
			);
			runOnlyForDeploymentPostprocessing = 0;
		};
/* End PBXFrameworksBuildPhase section */

/* Begin PBXGroup section */
		D9EFC7071F8A0D9900F77406 = {
			isa = PBXGroup;
			children = (
				D9EFC7121F8A0D9900F77406 /* SwiftScrollerView */,
				D9EFC7271F8A0D9A00F77406 /* SwiftScrollerViewTests */,
				D9EFC7321F8A0D9A00F77406 /* SwiftScrollerViewUITests */,
				D9EFC7111F8A0D9900F77406 /* Products */,
			);
			sourceTree = "<group>";
		};
		D9EFC7111F8A0D9900F77406 /* Products */ = {
			isa = PBXGroup;
			children = (
				D9EFC7101F8A0D9900F77406 /* SwiftScrollerView.app */,
				D9EFC7241F8A0D9A00F77406 /* SwiftScrollerViewTests.xctest */,
				D9EFC72F1F8A0D9A00F77406 /* SwiftScrollerViewUITests.xctest */,
			);
			name = Products;
			sourceTree = "<group>";
		};
		D9EFC7121F8A0D9900F77406 /* SwiftScrollerView */ = {
			isa = PBXGroup;
			children = (
				D9EFC7131F8A0D9900F77406 /* AppDelegate.swift */,
				D9EFC7151F8A0D9900F77406 /* ViewController.swift */,
				D9EFC7411F8A0DBE00F77406 /* ScrollerViewController.swift */,
				D9EFC75C1F8A212500F77406 /* findCar_topBanner01@2x.png */,
				D9EFC75B1F8A212500F77406 /* findCar_topBanner02@2x.png */,
				D9EFC75D1F8A212500F77406 /* findCar_topBanner03@2x.png */,
				D9EFC75E1F8A212500F77406 /* findCar_topBanner04@2x.png */,
				D9EFC7171F8A0D9900F77406 /* Main.storyboard */,
				D9EFC71A1F8A0D9900F77406 /* Assets.xcassets */,
				D9EFC71C1F8A0D9900F77406 /* LaunchScreen.storyboard */,
				D9EFC71F1F8A0D9900F77406 /* Info.plist */,
			);
			path = SwiftScrollerView;
			sourceTree = "<group>";
		};
		D9EFC7271F8A0D9A00F77406 /* SwiftScrollerViewTests */ = {
			isa = PBXGroup;
			children = (
				D9EFC7281F8A0D9A00F77406 /* SwiftScrollerViewTests.swift */,
				D9EFC72A1F8A0D9A00F77406 /* Info.plist */,
			);
			path = SwiftScrollerViewTests;
			sourceTree = "<group>";
		};
		D9EFC7321F8A0D9A00F77406 /* SwiftScrollerViewUITests */ = {
			isa = PBXGroup;
			children = (
				D9EFC7331F8A0D9A00F77406 /* SwiftScrollerViewUITests.swift */,
				D9EFC7351F8A0D9A00F77406 /* Info.plist */,
			);
			path = SwiftScrollerViewUITests;
			sourceTree = "<group>";
		};
/* End PBXGroup section */

/* Begin PBXNativeTarget section */
		D9EFC70F1F8A0D9900F77406 /* SwiftScrollerView */ = {
			isa = PBXNativeTarget;
			buildConfigurationList = D9EFC7381F8A0D9A00F77406 /* Build configuration list for PBXNativeTarget "SwiftScrollerView" */;
			buildPhases = (
				D9EFC70C1F8A0D9900F77406 /* Sources */,
				D9EFC70D1F8A0D9900F77406 /* Frameworks */,
				D9EFC70E1F8A0D9900F77406 /* Resources */,
			);
			buildRules = (
			);
			dependencies = (
			);
			name = SwiftScrollerView;
			productName = SwiftScrollerView;
			productReference = D9EFC7101F8A0D9900F77406 /* SwiftScrollerView.app */;
			productType = "com.apple.product-type.application";
		};
		D9EFC7231F8A0D9A00F77406 /* SwiftScrollerViewTests */ = {
			isa = PBXNativeTarget;
			buildConfigurationList = D9EFC73B1F8A0D9A00F77406 /* Build configuration list for PBXNativeTarget "SwiftScrollerViewTests" */;
			buildPhases = (
				D9EFC7201F8A0D9A00F77406 /* Sources */,
				D9EFC7211F8A0D9A00F77406 /* Frameworks */,
				D9EFC7221F8A0D9A00F77406 /* Resources */,
			);
			buildRules = (
			);
			dependencies = (
				D9EFC7261F8A0D9A00F77406 /* PBXTargetDependency */,
			);
			name = SwiftScrollerViewTests;
			productName = SwiftScrollerViewTests;
			productReference = D9EFC7241F8A0D9A00F77406 /* SwiftScrollerViewTests.xctest */;
			productType = "com.apple.product-type.bundle.unit-test";
		};
		D9EFC72E1F8A0D9A00F77406 /* SwiftScrollerViewUITests */ = {
			isa = PBXNativeTarget;
			buildConfigurationList = D9EFC73E1F8A0D9A00F77406 /* Build configuration list for PBXNativeTarget "SwiftScrollerViewUITests" */;
			buildPhases = (
				D9EFC72B1F8A0D9A00F77406 /* Sources */,
				D9EFC72C1F8A0D9A00F77406 /* Frameworks */,
				D9EFC72D1F8A0D9A00F77406 /* Resources */,
			);
			buildRules = (
			);
			dependencies = (
				D9EFC7311F8A0D9A00F77406 /* PBXTargetDependency */,
			);
			name = SwiftScrollerViewUITests;
			productName = SwiftScrollerViewUITests;
			productReference = D9EFC72F1F8A0D9A00F77406 /* SwiftScrollerViewUITests.xctest */;
			productType = "com.apple.product-type.bundle.ui-testing";
		};
/* End PBXNativeTarget section */

/* Begin PBXProject section */
		D9EFC7081F8A0D9900F77406 /* Project object */ = {
			isa = PBXProject;
			attributes = {
				LastSwiftUpdateCheck = 0900;
				LastUpgradeCheck = 0900;
				ORGANIZATIONNAME = "乐天";
				TargetAttributes = {
					D9EFC70F1F8A0D9900F77406 = {
						CreatedOnToolsVersion = 9.0;
						ProvisioningStyle = Automatic;
					};
					D9EFC7231F8A0D9A00F77406 = {
						CreatedOnToolsVersion = 9.0;
						ProvisioningStyle = Automatic;
						TestTargetID = D9EFC70F1F8A0D9900F77406;
					};
					D9EFC72E1F8A0D9A00F77406 = {
						CreatedOnToolsVersion = 9.0;
						ProvisioningStyle = Automatic;
						TestTargetID = D9EFC70F1F8A0D9900F77406;
					};
				};
			};
			buildConfigurationList = D9EFC70B1F8A0D9900F77406 /* Build configuration list for PBXProject "SwiftScrollerView" */;
			compatibilityVersion = "Xcode 8.0";
			developmentRegion = en;
			hasScannedForEncodings = 0;
			knownRegions = (
				en,
				Base,
			);
			mainGroup = D9EFC7071F8A0D9900F77406;
			productRefGroup = D9EFC7111F8A0D9900F77406 /* Products */;
			projectDirPath = "";
			projectRoot = "";
			targets = (
				D9EFC70F1F8A0D9900F77406 /* SwiftScrollerView */,
				D9EFC7231F8A0D9A00F77406 /* SwiftScrollerViewTests */,
				D9EFC72E1F8A0D9A00F77406 /* SwiftScrollerViewUITests */,
			);
		};
/* End PBXProject section */

/* Begin PBXResourcesBuildPhase section */
		D9EFC70E1F8A0D9900F77406 /* Resources */ = {
			isa = PBXResourcesBuildPhase;
			buildActionMask = 2147483647;
			files = (
				D9EFC71E1F8A0D9900F77406 /* LaunchScreen.storyboard in Resources */,
				D9EFC71B1F8A0D9900F77406 /* Assets.xcassets in Resources */,
				D9EFC7611F8A215600F77406 /* findCar_topBanner02@2x.png in Resources */,
				D9EFC75F1F8A213B00F77406 /* findCar_topBanner04@2x.png in Resources */,
				D9EFC7191F8A0D9900F77406 /* Main.storyboard in Resources */,
				D9EFC7621F8A215900F77406 /* findCar_topBanner01@2x.png in Resources */,
				D9EFC7601F8A215000F77406 /* findCar_topBanner03@2x.png in Resources */,
			);
			runOnlyForDeploymentPostprocessing = 0;
		};
		D9EFC7221F8A0D9A00F77406 /* Resources */ = {
			isa = PBXResourcesBuildPhase;
			buildActionMask = 2147483647;
			files = (
			);
			runOnlyForDeploymentPostprocessing = 0;
		};
		D9EFC72D1F8A0D9A00F77406 /* Resources */ = {
			isa = PBXResourcesBuildPhase;
			buildActionMask = 2147483647;
			files = (
			);
			runOnlyForDeploymentPostprocessing = 0;
		};
/* End PBXResourcesBuildPhase section */

/* Begin PBXSourcesBuildPhase section */
		D9EFC70C1F8A0D9900F77406 /* Sources */ = {
			isa = PBXSourcesBuildPhase;
			buildActionMask = 2147483647;
			files = (
				D9EFC7161F8A0D9900F77406 /* ViewController.swift in Sources */,
				D9EFC7141F8A0D9900F77406 /* AppDelegate.swift in Sources */,
				D9EFC7421F8A0DBE00F77406 /* ScrollerViewController.swift in Sources */,
			);
			runOnlyForDeploymentPostprocessing = 0;
		};
		D9EFC7201F8A0D9A00F77406 /* Sources */ = {
			isa = PBXSourcesBuildPhase;
			buildActionMask = 2147483647;
			files = (
				D9EFC7291F8A0D9A00F77406 /* SwiftScrollerViewTests.swift in Sources */,
			);
			runOnlyForDeploymentPostprocessing = 0;
		};
		D9EFC72B1F8A0D9A00F77406 /* Sources */ = {
			isa = PBXSourcesBuildPhase;
			buildActionMask = 2147483647;
			files = (
				D9EFC7341F8A0D9A00F77406 /* SwiftScrollerViewUITests.swift in Sources */,
			);
			runOnlyForDeploymentPostprocessing = 0;
		};
/* End PBXSourcesBuildPhase section */

/* Begin PBXTargetDependency section */
		D9EFC7261F8A0D9A00F77406 /* PBXTargetDependency */ = {
			isa = PBXTargetDependency;
			target = D9EFC70F1F8A0D9900F77406 /* SwiftScrollerView */;
			targetProxy = D9EFC7251F8A0D9A00F77406 /* PBXContainerItemProxy */;
		};
		D9EFC7311F8A0D9A00F77406 /* PBXTargetDependency */ = {
			isa = PBXTargetDependency;
			target = D9EFC70F1F8A0D9900F77406 /* SwiftScrollerView */;
			targetProxy = D9EFC7301F8A0D9A00F77406 /* PBXContainerItemProxy */;
		};
/* End PBXTargetDependency section */

/* Begin PBXVariantGroup section */
		D9EFC7171F8A0D9900F77406 /* Main.storyboard */ = {
			isa = PBXVariantGroup;
			children = (
				D9EFC7181F8A0D9900F77406 /* Base */,
			);
			name = Main.storyboard;
			sourceTree = "<group>";
		};
		D9EFC71C1F8A0D9900F77406 /* LaunchScreen.storyboard */ = {
			isa = PBXVariantGroup;
			children = (
				D9EFC71D1F8A0D9900F77406 /* Base */,
			);
			name = LaunchScreen.storyboard;
			sourceTree = "<group>";
		};
/* End PBXVariantGroup section */

/* Begin XCBuildConfiguration section */
		D9EFC7361F8A0D9A00F77406 /* Debug */ = {
			isa = XCBuildConfiguration;
			buildSettings = {
				ALWAYS_SEARCH_USER_PATHS = NO;
				CLANG_ANALYZER_NONNULL = YES;
				CLANG_ANALYZER_NUMBER_OBJECT_CONVERSION = YES_AGGRESSIVE;
				CLANG_CXX_LANGUAGE_STANDARD = "gnu++14";
				CLANG_CXX_LIBRARY = "libc++";
				CLANG_ENABLE_MODULES = YES;
				CLANG_ENABLE_OBJC_ARC = YES;
				CLANG_WARN_BLOCK_CAPTURE_AUTORELEASING = YES;
				CLANG_WARN_BOOL_CONVERSION = YES;
				CLANG_WARN_COMMA = YES;
				CLANG_WARN_CONSTANT_CONVERSION = YES;
				CLANG_WARN_DIRECT_OBJC_ISA_USAGE = YES_ERROR;
				CLANG_WARN_DOCUMENTATION_COMMENTS = YES;
				CLANG_WARN_EMPTY_BODY = YES;
				CLANG_WARN_ENUM_CONVERSION = YES;
				CLANG_WARN_INFINITE_RECURSION = YES;
				CLANG_WARN_INT_CONVERSION = YES;
				CLANG_WARN_NON_LITERAL_NULL_CONVERSION = YES;
				CLANG_WARN_OBJC_LITERAL_CONVERSION = YES;
				CLANG_WARN_OBJC_ROOT_CLASS = YES_ERROR;
				CLANG_WARN_RANGE_LOOP_ANALYSIS = YES;
				CLANG_WARN_STRICT_PROTOTYPES = YES;
				CLANG_WARN_SUSPICIOUS_MOVE = YES;
				CLANG_WARN_UNGUARDED_AVAILABILITY = YES_AGGRESSIVE;
				CLANG_WARN_UNREACHABLE_CODE = YES;
				CLANG_WARN__DUPLICATE_METHOD_MATCH = YES;
				CODE_SIGN_IDENTITY = "iPhone Developer";
				COPY_PHASE_STRIP = NO;
				DEBUG_INFORMATION_FORMAT = dwarf;
				ENABLE_STRICT_OBJC_MSGSEND = YES;
				ENABLE_TESTABILITY = YES;
				GCC_C_LANGUAGE_STANDARD = gnu11;
				GCC_DYNAMIC_NO_PIC = NO;
				GCC_NO_COMMON_BLOCKS = YES;
				GCC_OPTIMIZATION_LEVEL = 0;
				GCC_PREPROCESSOR_DEFINITIONS = (
					"DEBUG=1",
					"$(inherited)",
				);
				GCC_WARN_64_TO_32_BIT_CONVERSION = YES;
				GCC_WARN_ABOUT_RETURN_TYPE = YES_ERROR;
				GCC_WARN_UNDECLARED_SELECTOR = YES;
				GCC_WARN_UNINITIALIZED_AUTOS = YES_AGGRESSIVE;
				GCC_WARN_UNUSED_FUNCTION = YES;
				GCC_WARN_UNUSED_VARIABLE = YES;
				IPHONEOS_DEPLOYMENT_TARGET = 11.0;
				MTL_ENABLE_DEBUG_INFO = YES;
				ONLY_ACTIVE_ARCH = YES;
				SDKROOT = iphoneos;
				SWIFT_ACTIVE_COMPILATION_CONDITIONS = DEBUG;
				SWIFT_OPTIMIZATION_LEVEL = "-Onone";
			};
			name = Debug;
		};
		D9EFC7371F8A0D9A00F77406 /* Release */ = {
			isa = XCBuildConfiguration;
			buildSettings = {
				ALWAYS_SEARCH_USER_PATHS = NO;
				CLANG_ANALYZER_NONNULL = YES;
				CLANG_ANALYZER_NUMBER_OBJECT_CONVERSION = YES_AGGRESSIVE;
				CLANG_CXX_LANGUAGE_STANDARD = "gnu++14";
				CLANG_CXX_LIBRARY = "libc++";
				CLANG_ENABLE_MODULES = YES;
				CLANG_ENABLE_OBJC_ARC = YES;
				CLANG_WARN_BLOCK_CAPTURE_AUTORELEASING = YES;
				CLANG_WARN_BOOL_CONVERSION = YES;
				CLANG_WARN_COMMA = YES;
				CLANG_WARN_CONSTANT_CONVERSION = YES;
				CLANG_WARN_DIRECT_OBJC_ISA_USAGE = YES_ERROR;
				CLANG_WARN_DOCUMENTATION_COMMENTS = YES;
				CLANG_WARN_EMPTY_BODY = YES;
				CLANG_WARN_ENUM_CONVERSION = YES;
				CLANG_WARN_INFINITE_RECURSION = YES;
				CLANG_WARN_INT_CONVERSION = YES;
				CLANG_WARN_NON_LITERAL_NULL_CONVERSION = YES;
				CLANG_WARN_OBJC_LITERAL_CONVERSION = YES;
				CLANG_WARN_OBJC_ROOT_CLASS = YES_ERROR;
				CLANG_WARN_RANGE_LOOP_ANALYSIS = YES;
				CLANG_WARN_STRICT_PROTOTYPES = YES;
				CLANG_WARN_SUSPICIOUS_MOVE = YES;
				CLANG_WARN_UNGUARDED_AVAILABILITY = YES_AGGRESSIVE;
				CLANG_WARN_UNREACHABLE_CODE = YES;
				CLANG_WARN__DUPLICATE_METHOD_MATCH = YES;
				CODE_SIGN_IDENTITY = "iPhone Developer";
				COPY_PHASE_STRIP = NO;
				DEBUG_INFORMATION_FORMAT = "dwarf-with-dsym";
				ENABLE_NS_ASSERTIONS = NO;
				ENABLE_STRICT_OBJC_MSGSEND = YES;
				GCC_C_LANGUAGE_STANDARD = gnu11;
				GCC_NO_COMMON_BLOCKS = YES;
				GCC_WARN_64_TO_32_BIT_CONVERSION = YES;
				GCC_WARN_ABOUT_RETURN_TYPE = YES_ERROR;
				GCC_WARN_UNDECLARED_SELECTOR = YES;
				GCC_WARN_UNINITIALIZED_AUTOS = YES_AGGRESSIVE;
				GCC_WARN_UNUSED_FUNCTION = YES;
				GCC_WARN_UNUSED_VARIABLE = YES;
				IPHONEOS_DEPLOYMENT_TARGET = 11.0;
				MTL_ENABLE_DEBUG_INFO = NO;
				SDKROOT = iphoneos;
				SWIFT_OPTIMIZATION_LEVEL = "-Owholemodule";
				VALIDATE_PRODUCT = YES;
			};
			name = Release;
		};
		D9EFC7391F8A0D9A00F77406 /* Debug */ = {
			isa = XCBuildConfiguration;
			buildSettings = {
				ASSETCATALOG_COMPILER_APPICON_NAME = AppIcon;
				CODE_SIGN_STYLE = Automatic;
				INFOPLIST_FILE = SwiftScrollerView/Info.plist;
				LD_RUNPATH_SEARCH_PATHS = "$(inherited) @executable_path/Frameworks";
				PRODUCT_BUNDLE_IDENTIFIER = abner.SwiftScrollerView;
				PRODUCT_NAME = "$(TARGET_NAME)";
				SWIFT_VERSION = 4.0;
				TARGETED_DEVICE_FAMILY = "1,2";
			};
			name = Debug;
		};
		D9EFC73A1F8A0D9A00F77406 /* Release */ = {
			isa = XCBuildConfiguration;
			buildSettings = {
				ASSETCATALOG_COMPILER_APPICON_NAME = AppIcon;
				CODE_SIGN_STYLE = Automatic;
				INFOPLIST_FILE = SwiftScrollerView/Info.plist;
				LD_RUNPATH_SEARCH_PATHS = "$(inherited) @executable_path/Frameworks";
				PRODUCT_BUNDLE_IDENTIFIER = abner.SwiftScrollerView;
				PRODUCT_NAME = "$(TARGET_NAME)";
				SWIFT_VERSION = 4.0;
				TARGETED_DEVICE_FAMILY = "1,2";
			};
			name = Release;
		};
		D9EFC73C1F8A0D9A00F77406 /* Debug */ = {
			isa = XCBuildConfiguration;
			buildSettings = {
				ALWAYS_EMBED_SWIFT_STANDARD_LIBRARIES = YES;
				BUNDLE_LOADER = "$(TEST_HOST)";
				CODE_SIGN_STYLE = Automatic;
				INFOPLIST_FILE = SwiftScrollerViewTests/Info.plist;
				LD_RUNPATH_SEARCH_PATHS = "$(inherited) @executable_path/Frameworks @loader_path/Frameworks";
				PRODUCT_BUNDLE_IDENTIFIER = abner.SwiftScrollerViewTests;
				PRODUCT_NAME = "$(TARGET_NAME)";
				SWIFT_VERSION = 4.0;
				TARGETED_DEVICE_FAMILY = "1,2";
				TEST_HOST = "$(BUILT_PRODUCTS_DIR)/SwiftScrollerView.app/SwiftScrollerView";
			};
			name = Debug;
		};
		D9EFC73D1F8A0D9A00F77406 /* Release */ = {
			isa = XCBuildConfiguration;
			buildSettings = {
				ALWAYS_EMBED_SWIFT_STANDARD_LIBRARIES = YES;
				BUNDLE_LOADER = "$(TEST_HOST)";
				CODE_SIGN_STYLE = Automatic;
				INFOPLIST_FILE = SwiftScrollerViewTests/Info.plist;
				LD_RUNPATH_SEARCH_PATHS = "$(inherited) @executable_path/Frameworks @loader_path/Frameworks";
				PRODUCT_BUNDLE_IDENTIFIER = abner.SwiftScrollerViewTests;
				PRODUCT_NAME = "$(TARGET_NAME)";
				SWIFT_VERSION = 4.0;
				TARGETED_DEVICE_FAMILY = "1,2";
				TEST_HOST = "$(BUILT_PRODUCTS_DIR)/SwiftScrollerView.app/SwiftScrollerView";
			};
			name = Release;
		};
		D9EFC73F1F8A0D9A00F77406 /* Debug */ = {
			isa = XCBuildConfiguration;
			buildSettings = {
				ALWAYS_EMBED_SWIFT_STANDARD_LIBRARIES = YES;
				CODE_SIGN_STYLE = Automatic;
				INFOPLIST_FILE = SwiftScrollerViewUITests/Info.plist;
				LD_RUNPATH_SEARCH_PATHS = "$(inherited) @executable_path/Frameworks @loader_path/Frameworks";
				PRODUCT_BUNDLE_IDENTIFIER = abner.SwiftScrollerViewUITests;
				PRODUCT_NAME = "$(TARGET_NAME)";
				SWIFT_VERSION = 4.0;
				TARGETED_DEVICE_FAMILY = "1,2";
				TEST_TARGET_NAME = SwiftScrollerView;
			};
			name = Debug;
		};
		D9EFC7401F8A0D9A00F77406 /* Release */ = {
			isa = XCBuildConfiguration;
			buildSettings = {
				ALWAYS_EMBED_SWIFT_STANDARD_LIBRARIES = YES;
				CODE_SIGN_STYLE = Automatic;
				INFOPLIST_FILE = SwiftScrollerViewUITests/Info.plist;
				LD_RUNPATH_SEARCH_PATHS = "$(inherited) @executable_path/Frameworks @loader_path/Frameworks";
				PRODUCT_BUNDLE_IDENTIFIER = abner.SwiftScrollerViewUITests;
				PRODUCT_NAME = "$(TARGET_NAME)";
				SWIFT_VERSION = 4.0;
				TARGETED_DEVICE_FAMILY = "1,2";
				TEST_TARGET_NAME = SwiftScrollerView;
			};
			name = Release;
		};
/* End XCBuildConfiguration section */

/* Begin XCConfigurationList section */
		D9EFC70B1F8A0D9900F77406 /* Build configuration list for PBXProject "SwiftScrollerView" */ = {
			isa = XCConfigurationList;
			buildConfigurations = (
				D9EFC7361F8A0D9A00F77406 /* Debug */,
				D9EFC7371F8A0D9A00F77406 /* Release */,
			);
			defaultConfigurationIsVisible = 0;
			defaultConfigurationName = Release;
		};
		D9EFC7381F8A0D9A00F77406 /* Build configuration list for PBXNativeTarget "SwiftScrollerView" */ = {
			isa = XCConfigurationList;
			buildConfigurations = (
				D9EFC7391F8A0D9A00F77406 /* Debug */,
				D9EFC73A1F8A0D9A00F77406 /* Release */,
			);
			defaultConfigurationIsVisible = 0;
			defaultConfigurationName = Release;
		};
		D9EFC73B1F8A0D9A00F77406 /* Build configuration list for PBXNativeTarget "SwiftScrollerViewTests" */ = {
			isa = XCConfigurationList;
			buildConfigurations = (
				D9EFC73C1F8A0D9A00F77406 /* Debug */,
				D9EFC73D1F8A0D9A00F77406 /* Release */,
			);
			defaultConfigurationIsVisible = 0;
			defaultConfigurationName = Release;
		};
		D9EFC73E1F8A0D9A00F77406 /* Build configuration list for PBXNativeTarget "SwiftScrollerViewUITests" */ = {
			isa = XCConfigurationList;
			buildConfigurations = (
				D9EFC73F1F8A0D9A00F77406 /* Debug */,
				D9EFC7401F8A0D9A00F77406 /* Release */,
			);
			defaultConfigurationIsVisible = 0;
			defaultConfigurationName = Release;
		};
/* End XCConfigurationList section */
	};
	rootObject = D9EFC7081F8A0D9900F77406 /* Project object */;
}
